// !$*UTF8*$!
{
	archiveVersion = 1;
	classes = {
	};
	objectVersion = 46;
	objects = {

/* Begin PBXBuildFile section */
		3DD1ACDB1DB8AE94000AD5CD /* AppDelegate.m in Sources */ = {isa = PBXBuildFile; fileRef = 3DD1ACCE1DB8AE93000AD5CD /* AppDelegate.m */; };
		3DD1ACDC1DB8AE94000AD5CD /* Assets.xcassets in Resources */ = {isa = PBXBuildFile; fileRef = 3DD1ACCF1DB8AE93000AD5CD /* Assets.xcassets */; };
		3DD1ACDD1DB8AE94000AD5CD /* LaunchScreen.storyboard in Resources */ = {isa = PBXBuildFile; fileRef = 3DD1ACD01DB8AE93000AD5CD /* LaunchScreen.storyboard */; };
		3DD1ACDE1DB8AE94000AD5CD /* Main.storyboard in Resources */ = {isa = PBXBuildFile; fileRef = 3DD1ACD21DB8AE93000AD5CD /* Main.storyboard */; };
		3DD1ACE01DB8AE94000AD5CD /* main.m in Sources */ = {isa = PBXBuildFile; fileRef = 3DD1ACD51DB8AE93000AD5CD /* main.m */; };
		3DD1ACE11DB8AE94000AD5CD /* SPUncaughtExceptionHandler.m in Sources */ = {isa = PBXBuildFile; fileRef = 3DD1ACD81DB8AE93000AD5CD /* SPUncaughtExceptionHandler.m */; };
		3DD1ACE21DB8AE94000AD5CD /* ViewController.m in Sources */ = {isa = PBXBuildFile; fileRef = 3DD1ACDA1DB8AE94000AD5CD /* ViewController.m */; };
/* End PBXBuildFile section */

/* Begin PBXFileReference section */
		3D60C6881D5B2A0B000BC6BA /* SPUncaughtExceptionHandler.app */ = {isa = PBXFileReference; explicitFileType = wrapper.application; includeInIndex = 0; path = SPUncaughtExceptionHandler.app; sourceTree = BUILT_PRODUCTS_DIR; };
		3DD1ACCD1DB8AE93000AD5CD /* AppDelegate.h */ = {isa = PBXFileReference; fileEncoding = 4; lastKnownFileType = sourcecode.c.h; path = AppDelegate.h; sourceTree = "<group>"; };
		3DD1ACCE1DB8AE93000AD5CD /* AppDelegate.m */ = {isa = PBXFileReference; fileEncoding = 4; lastKnownFileType = sourcecode.c.objc; path = AppDelegate.m; sourceTree = "<group>"; };
		3DD1ACCF1DB8AE93000AD5CD /* Assets.xcassets */ = {isa = PBXFileReference; lastKnownFileType = folder.assetcatalog; path = Assets.xcassets; sourceTree = "<group>"; };
		3DD1ACD11DB8AE93000AD5CD /* Base */ = {isa = PBXFileReference; lastKnownFileType = file.storyboard; name = Base; path = Base.lproj/LaunchScreen.storyboard; sourceTree = "<group>"; };
		3DD1ACD31DB8AE93000AD5CD /* Base */ = {isa = PBXFileReference; lastKnownFileType = file.storyboard; name = Base; path = Base.lproj/Main.storyboard; sourceTree = "<group>"; };
		3DD1ACD51DB8AE93000AD5CD /* main.m */ = {isa = PBXFileReference; fileEncoding = 4; lastKnownFileType = sourcecode.c.objc; path = main.m; sourceTree = "<group>"; };
		3DD1ACD71DB8AE93000AD5CD /* SPUncaughtExceptionHandler.h */ = {isa = PBXFileReference; fileEncoding = 4; lastKnownFileType = sourcecode.c.h; path = SPUncaughtExceptionHandler.h; sourceTree = "<group>"; };
		3DD1ACD81DB8AE93000AD5CD /* SPUncaughtExceptionHandler.m */ = {isa = PBXFileReference; fileEncoding = 4; lastKnownFileType = sourcecode.c.objc; path = SPUncaughtExceptionHandler.m; sourceTree = "<group>"; };
		3DD1ACD91DB8AE93000AD5CD /* ViewController.h */ = {isa = PBXFileReference; fileEncoding = 4; lastKnownFileType = sourcecode.c.h; path = ViewController.h; sourceTree = "<group>"; };
		3DD1ACDA1DB8AE94000AD5CD /* ViewController.m */ = {isa = PBXFileReference; fileEncoding = 4; lastKnownFileType = sourcecode.c.objc; path = ViewController.m; sourceTree = "<group>"; };
		3DD1ACE31DB8AF54000AD5CD /* Info.plist */ = {isa = PBXFileReference; fileEncoding = 4; lastKnownFileType = text.plist.xml; path = Info.plist; sourceTree = "<group>"; };
/* End PBXFileReference section */

/* Begin PBXFrameworksBuildPhase section */
		3D60C6851D5B2A0B000BC6BA /* Frameworks */ = {
			isa = PBXFrameworksBuildPhase;
			buildActionMask = 2147483647;
			files = (
			);
			runOnlyForDeploymentPostprocessing = 0;
		};
/* End PBXFrameworksBuildPhase section */

/* Begin PBXGroup section */
		3D60C67F1D5B2A0B000BC6BA = {
			isa = PBXGroup;
			children = (
				3DD1ACCC1DB8AE93000AD5CD /* SPUncaughtExceptionHandler */,
				3D60C6891D5B2A0B000BC6BA /* Products */,
			);
			sourceTree = "<group>";
		};
		3D60C6891D5B2A0B000BC6BA /* Products */ = {
			isa = PBXGroup;
			children = (
				3D60C6881D5B2A0B000BC6BA /* SPUncaughtExceptionHandler.app */,
			);
			name = Products;
			sourceTree = "<group>";
		};
		3DD1ACCC1DB8AE93000AD5CD /* SPUncaughtExceptionHandler */ = {
			isa = PBXGroup;
			children = (
				3DD1ACD61DB8AE93000AD5CD /* SPUncaughtExceptionHandler */,
				3DD1ACCD1DB8AE93000AD5CD /* AppDelegate.h */,
				3DD1ACCE1DB8AE93000AD5CD /* AppDelegate.m */,
				3DD1ACCF1DB8AE93000AD5CD /* Assets.xcassets */,
				3DD1ACD01DB8AE93000AD5CD /* LaunchScreen.storyboard */,
				3DD1ACD21DB8AE93000AD5CD /* Main.storyboard */,
				3DD1ACD51DB8AE93000AD5CD /* main.m */,
				3DD1ACE31DB8AF54000AD5CD /* Info.plist */,
				3DD1ACD91DB8AE93000AD5CD /* ViewController.h */,
				3DD1ACDA1DB8AE94000AD5CD /* ViewController.m */,
			);
			path = SPUncaughtExceptionHandler;
			sourceTree = "<group>";
		};
		3DD1ACD61DB8AE93000AD5CD /* SPUncaughtExceptionHandler */ = {
			isa = PBXGroup;
			children = (
				3DD1ACD71DB8AE93000AD5CD /* SPUncaughtExceptionHandler.h */,
				3DD1ACD81DB8AE93000AD5CD /* SPUncaughtExceptionHandler.m */,
			);
			path = SPUncaughtExceptionHandler;
			sourceTree = "<group>";
		};
/* End PBXGroup section */

/* Begin PBXNativeTarget section */
		3D60C6871D5B2A0B000BC6BA /* SPUncaughtExceptionHandler */ = {
			isa = PBXNativeTarget;
			buildConfigurationList = 3D60C69F1D5B2A0B000BC6BA /* Build configuration list for PBXNativeTarget "SPUncaughtExceptionHandler" */;
			buildPhases = (
				3D60C6841D5B2A0B000BC6BA /* Sources */,
				3D60C6851D5B2A0B000BC6BA /* Frameworks */,
				3D60C6861D5B2A0B000BC6BA /* Resources */,
			);
			buildRules = (
			);
			dependencies = (
			);
			name = SPUncaughtExceptionHandler;
			productName = SPUncaughtExceptionHandler;
			productReference = 3D60C6881D5B2A0B000BC6BA /* SPUncaughtExceptionHandler.app */;
			productType = "com.apple.product-type.application";
		};
/* End PBXNativeTarget section */

/* Begin PBXProject section */
		3D60C6801D5B2A0B000BC6BA /* Project object */ = {
			isa = PBXProject;
			attributes = {
				LastUpgradeCheck = 0800;
				ORGANIZATIONNAME = SP;
				TargetAttributes = {
					3D60C6871D5B2A0B000BC6BA = {
						CreatedOnToolsVersion = 7.3;
						DevelopmentTeam = 875PFMJ4Q8;
					};
				};
			};
			buildConfigurationList = 3D60C6831D5B2A0B000BC6BA /* Build configuration list for PBXProject "SPUncaughtExceptionHandler" */;
			compatibilityVersion = "Xcode 3.2";
			developmentRegion = English;
			hasScannedForEncodings = 0;
			knownRegions = (
				en,
				Base,
			);
			mainGroup = 3D60C67F1D5B2A0B000BC6BA;
			productRefGroup = 3D60C6891D5B2A0B000BC6BA /* Products */;
			projectDirPath = "";
			projectRoot = "";
			targets = (
				3D60C6871D5B2A0B000BC6BA /* SPUncaughtExceptionHandler */,
			);
		};
/* End PBXProject section */

/* Begin PBXResourcesBuildPhase section */
		3D60C6861D5B2A0B000BC6BA /* Resources */ = {
			isa = PBXResourcesBuildPhase;
			buildActionMask = 2147483647;
			files = (
				3DD1ACDE1DB8AE94000AD5CD /* Main.storyboard in Resources */,
				3DD1ACDC1DB8AE94000AD5CD /* Assets.xcassets in Resources */,
				3DD1ACDD1DB8AE94000AD5CD /* LaunchScreen.storyboard in Resources */,
			);
			runOnlyForDeploymentPostprocessing = 0;
		};
/* End PBXResourcesBuildPhase section */

/* Begin PBXSourcesBuildPhase section */
		3D60C6841D5B2A0B000BC6BA /* Sources */ = {
			isa = PBXSourcesBuildPhase;
			buildActionMask = 2147483647;
			files = (
				3DD1ACE01DB8AE94000AD5CD /* main.m in Sources */,
				3DD1ACDB1DB8AE94000AD5CD /* AppDelegate.m in Sources */,
				3DD1ACE21DB8AE94000AD5CD /* ViewController.m in Sources */,
				3DD1ACE11DB8AE94000AD5CD /* SPUncaughtExceptionHandler.m in Sources */,
			);
			runOnlyForDeploymentPostprocessing = 0;
		};
/* End PBXSourcesBuildPhase section */

/* Begin PBXVariantGroup section */
		3DD1ACD01DB8AE93000AD5CD /* LaunchScreen.storyboard */ = {
			isa = PBXVariantGroup;
			children = (
				3DD1ACD11DB8AE93000AD5CD /* Base */,
			);
			name = LaunchScreen.storyboard;
			sourceTree = "<group>";
		};
		3DD1ACD21DB8AE93000AD5CD /* Main.storyboard */ = {
			isa = PBXVariantGroup;
			children = (
				3DD1ACD31DB8AE93000AD5CD /* Base */,
			);
			name = Main.storyboard;
			sourceTree = "<group>";
		};
/* End PBXVariantGroup section */

/* Begin XCBuildConfiguration section */
		3D60C69D1D5B2A0B000BC6BA /* Debug */ = {
			isa = XCBuildConfiguration;
			buildSettings = {
				ALWAYS_SEARCH_USER_PATHS = NO;
				CLANG_ANALYZER_NONNULL = YES;
				CLANG_CXX_LANGUAGE_STANDARD = "gnu++0x";
				CLANG_CXX_LIBRARY = "libc++";
				CLANG_ENABLE_MODULES = YES;
				CLANG_ENABLE_OBJC_ARC = YES;
				CLANG_WARN_BOOL_CONVERSION = YES;
				CLANG_WARN_CONSTANT_CONVERSION = YES;
				CLANG_WARN_DIRECT_OBJC_ISA_USAGE = YES_ERROR;
				CLANG_WARN_EMPTY_BODY = YES;
				CLANG_WARN_ENUM_CONVERSION = YES;
				CLANG_WARN_INFINITE_RECURSION = YES;
				CLANG_WARN_INT_CONVERSION = YES;
				CLANG_WARN_OBJC_ROOT_CLASS = YES_ERROR;
				CLANG_WARN_SUSPICIOUS_MOVE = YES;
				CLANG_WARN_UNREACHABLE_CODE = YES;
				CLANG_WARN__DUPLICATE_METHOD_MATCH = YES;
				"CODE_SIGN_IDENTITY[sdk=iphoneos*]" = "iPhone Developer";
				COPY_PHASE_STRIP = NO;
				DEBUG_INFORMATION_FORMAT = dwarf;
				ENABLE_STRICT_OBJC_MSGSEND = YES;
				ENABLE_TESTABILITY = YES;
				GCC_C_LANGUAGE_STANDARD = gnu99;
				GCC_DYNAMIC_NO_PIC = NO;
				GCC_NO_COMMON_BLOCKS = YES;
				GCC_OPTIMIZATION_LEVEL = 0;
				GCC_PREPROCESSOR_DEFINITIONS = (
					"DEBUG=1",
					"$(inherited)",
				);
				GCC_WARN_64_TO_32_BIT_CONVERSION = YES;
				GCC_WARN_ABOUT_RETURN_TYPE = YES_ERROR;
				GCC_WARN_UNDECLARED_SELECTOR = YES;
				GCC_WARN_UNINITIALIZED_AUTOS = YES_AGGRESSIVE;
				GCC_WARN_UNUSED_FUNCTION = YES;
				GCC_WARN_UNUSED_VARIABLE = YES;
				IPHONEOS_DEPLOYMENT_TARGET = 9.3;
				MTL_ENABLE_DEBUG_INFO = YES;
				ONLY_ACTIVE_ARCH = YES;
				SDKROOT = iphoneos;
				TARGETED_DEVICE_FAMILY = "1,2";
			};
			name = Debug;
		};
		3D60C69E1D5B2A0B000BC6BA /* Release */ = {
			isa = XCBuildConfiguration;
			buildSettings = {
				ALWAYS_SEARCH_USER_PATHS = NO;
				CLANG_ANALYZER_NONNULL = YES;
				CLANG_CXX_LANGUAGE_STANDARD = "gnu++0x";
				CLANG_CXX_LIBRARY = "libc++";
				CLANG_ENABLE_MODULES = YES;
				CLANG_ENABLE_OBJC_ARC = YES;
				CLANG_WARN_BOOL_CONVERSION = YES;
				CLANG_WARN_CONSTANT_CONVERSION = YES;
				CLANG_WARN_DIRECT_OBJC_ISA_USAGE = YES_ERROR;
				CLANG_WARN_EMPTY_BODY = YES;
				CLANG_WARN_ENUM_CONVERSION = YES;
				CLANG_WARN_INFINITE_RECURSION = YES;
				CLANG_WARN_INT_CONVERSION = YES;
				CLANG_WARN_OBJC_ROOT_CLASS = YES_ERROR;
				CLANG_WARN_SUSPICIOUS_MOVE = YES;
				CLANG_WARN_UNREACHABLE_CODE = YES;
				CLANG_WARN__DUPLICATE_METHOD_MATCH = YES;
				"CODE_SIGN_IDENTITY[sdk=iphoneos*]" = "iPhone Developer";
				COPY_PHASE_STRIP = NO;
				DEBUG_INFORMATION_FORMAT = "dwarf-with-dsym";
				ENABLE_NS_ASSERTIONS = NO;
				ENABLE_STRICT_OBJC_MSGSEND = YES;
				GCC_C_LANGUAGE_STANDARD = gnu99;
				GCC_NO_COMMON_BLOCKS = YES;
				GCC_WARN_64_TO_32_BIT_CONVERSION = YES;
				GCC_WARN_ABOUT_RETURN_TYPE = YES_ERROR;
				GCC_WARN_UNDECLARED_SELECTOR = YES;
				GCC_WARN_UNINITIALIZED_AUTOS = YES_AGGRESSIVE;
				GCC_WARN_UNUSED_FUNCTION = YES;
				GCC_WARN_UNUSED_VARIABLE = YES;
				IPHONEOS_DEPLOYMENT_TARGET = 9.3;
				MTL_ENABLE_DEBUG_INFO = NO;
				SDKROOT = iphoneos;
				TARGETED_DEVICE_FAMILY = "1,2";
				VALIDATE_PRODUCT = YES;
			};
			name = Release;
		};
		3D60C6A01D5B2A0B000BC6BA /* Debug */ = {
			isa = XCBuildConfiguration;
			buildSettings = {
				ASSETCATALOG_COMPILER_APPICON_NAME = AppIcon;
				DEVELOPMENT_TEAM = 875PFMJ4Q8;
				INFOPLIST_FILE = SPUncaughtExceptionHandler/Info.plist;
				LD_RUNPATH_SEARCH_PATHS = "$(inherited) @executable_path/Frameworks";
				PRODUCT_BUNDLE_IDENTIFIER = com.ksp.SPUncaughtExceptionHandler;
				PRODUCT_NAME = "$(TARGET_NAME)";
			};
			name = Debug;
		};
		3D60C6A11D5B2A0B000BC6BA /* Release */ = {
			isa = XCBuildConfiguration;
			buildSettings = {
				ASSETCATALOG_COMPILER_APPICON_NAME = AppIcon;
				DEVELOPMENT_TEAM = 875PFMJ4Q8;
				INFOPLIST_FILE = SPUncaughtExceptionHandler/Info.plist;
				LD_RUNPATH_SEARCH_PATHS = "$(inherited) @executable_path/Frameworks";
				PRODUCT_BUNDLE_IDENTIFIER = com.ksp.SPUncaughtExceptionHandler;
				PRODUCT_NAME = "$(TARGET_NAME)";
			};
			name = Release;
		};
/* End XCBuildConfiguration section */

/* Begin XCConfigurationList section */
		3D60C6831D5B2A0B000BC6BA /* Build configuration list for PBXProject "SPUncaughtExceptionHandler" */ = {
			isa = XCConfigurationList;
			buildConfigurations = (
				3D60C69D1D5B2A0B000BC6BA /* Debug */,
				3D60C69E1D5B2A0B000BC6BA /* Release */,
			);
			defaultConfigurationIsVisible = 0;
			defaultConfigurationName = Release;
		};
		3D60C69F1D5B2A0B000BC6BA /* Build configuration list for PBXNativeTarget "SPUncaughtExceptionHandler" */ = {
			isa = XCConfigurationList;
			buildConfigurations = (
				3D60C6A01D5B2A0B000BC6BA /* Debug */,
				3D60C6A11D5B2A0B000BC6BA /* Release */,
			);
			defaultConfigurationIsVisible = 0;
			defaultConfigurationName = Release;
		};
/* End XCConfigurationList section */
	};
	rootObject = 3D60C6801D5B2A0B000BC6BA /* Project object */;
}
